// !$*UTF8*$!
{
	archiveVersion = 1;
	classes = {
	};
	objectVersion = 46;
	objects = {

/* Begin PBXBuildFile section */
		BA81B0191614643C00379ABE /* CREnumerationTypes.h in Headers */ = {isa = PBXBuildFile; fileRef = BAEB8C69161443F10041035C /* CREnumerationTypes.h */; settings = {ATTRIBUTES = (Public, ); }; };
		BA81B01A1614643C00379ABE /* NSEnumerator+CREnumeration.h in Headers */ = {isa = PBXBuildFile; fileRef = BAEB8C7B161444140041035C /* NSEnumerator+CREnumeration.h */; settings = {ATTRIBUTES = (Public, ); }; };
		BA81B01B1614643C00379ABE /* NSArray+CREnumeration.h in Headers */ = {isa = PBXBuildFile; fileRef = BAEB8C7E1614441F0041035C /* NSArray+CREnumeration.h */; settings = {ATTRIBUTES = (Public, ); }; };
		BA81B01C1614643C00379ABE /* NSData+CRBoilerplate.h in Headers */ = {isa = PBXBuildFile; fileRef = BAEB8CA316144BB40041035C /* NSData+CRBoilerplate.h */; settings = {ATTRIBUTES = (Public, ); }; };
		BA81B01D1614643C00379ABE /* NSUserDefaults+CRBoilerplate.h in Headers */ = {isa = PBXBuildFile; fileRef = BAEB8CB316144E9D0041035C /* NSUserDefaults+CRBoilerplate.h */; settings = {ATTRIBUTES = (Public, ); }; };
		BA81B01E1614643C00379ABE /* UIViewController+CRBoilerPlate.h in Headers */ = {isa = PBXBuildFile; fileRef = BAEB8C8D161444DB0041035C /* UIViewController+CRBoilerPlate.h */; settings = {ATTRIBUTES = (Public, ); }; };
		BA81B01F1614643C00379ABE /* UILabel+CRBoilerplate.h in Headers */ = {isa = PBXBuildFile; fileRef = BAEB8C9A161448F00041035C /* UILabel+CRBoilerplate.h */; settings = {ATTRIBUTES = (Public, ); }; };
		BA81B0201614643C00379ABE /* UIColor+CRBoilerplate.h in Headers */ = {isa = PBXBuildFile; fileRef = BAEB8C9D161449620041035C /* UIColor+CRBoilerplate.h */; settings = {ATTRIBUTES = (Public, ); }; };
		BA81B0211614643C00379ABE /* UIImage+CRBoilerplate.h in Headers */ = {isa = PBXBuildFile; fileRef = BAEB8CA016144AC70041035C /* UIImage+CRBoilerplate.h */; settings = {ATTRIBUTES = (Public, ); }; };
		BA81B0221614643C00379ABE /* UIApplication+CRBoilerplate.h in Headers */ = {isa = PBXBuildFile; fileRef = BAEB8CA616144D610041035C /* UIApplication+CRBoilerplate.h */; settings = {ATTRIBUTES = (Public, ); }; };
		BA81B02616146A5300379ABE /* UIScrollView+CRBoilerplate.h in Headers */ = {isa = PBXBuildFile; fileRef = BA81B02416146A5300379ABE /* UIScrollView+CRBoilerplate.h */; settings = {ATTRIBUTES = (Public, ); }; };
		BA81B02716146A5300379ABE /* UIScrollView+CRBoilerplate.m in Sources */ = {isa = PBXBuildFile; fileRef = BA81B02516146A5300379ABE /* UIScrollView+CRBoilerplate.m */; };
		BAEB8C391614437D0041035C /* Foundation.framework in Frameworks */ = {isa = PBXBuildFile; fileRef = BAEB8C381614437D0041035C /* Foundation.framework */; };
		BAEB8C481614437E0041035C /* SenTestingKit.framework in Frameworks */ = {isa = PBXBuildFile; fileRef = BAEB8C471614437E0041035C /* SenTestingKit.framework */; };
		BAEB8C4A1614437E0041035C /* UIKit.framework in Frameworks */ = {isa = PBXBuildFile; fileRef = BAEB8C491614437E0041035C /* UIKit.framework */; };
		BAEB8C4B1614437E0041035C /* Foundation.framework in Frameworks */ = {isa = PBXBuildFile; fileRef = BAEB8C381614437D0041035C /* Foundation.framework */; };
		BAEB8C4E1614437E0041035C /* libCRBoilerplate.a in Frameworks */ = {isa = PBXBuildFile; fileRef = BAEB8C351614437D0041035C /* libCRBoilerplate.a */; };
		BAEB8C541614437E0041035C /* InfoPlist.strings in Resources */ = {isa = PBXBuildFile; fileRef = BAEB8C521614437E0041035C /* InfoPlist.strings */; };
		BAEB8C74161443F10041035C /* CRChainingEnumerator.m in Sources */ = {isa = PBXBuildFile; fileRef = BAEB8C66161443F10041035C /* CRChainingEnumerator.m */; };
		BAEB8C76161443F10041035C /* CREnumerator.m in Sources */ = {isa = PBXBuildFile; fileRef = BAEB8C6B161443F10041035C /* CREnumerator.m */; };
		BAEB8C77161443F10041035C /* CRSelectiveEnumerator.m in Sources */ = {isa = PBXBuildFile; fileRef = BAEB8C6D161443F10041035C /* CRSelectiveEnumerator.m */; };
		BAEB8C78161443F10041035C /* CRSkipEnumerator.m in Sources */ = {isa = PBXBuildFile; fileRef = BAEB8C6F161443F10041035C /* CRSkipEnumerator.m */; };
		BAEB8C79161443F10041035C /* CRTakeEnumerator.m in Sources */ = {isa = PBXBuildFile; fileRef = BAEB8C71161443F10041035C /* CRTakeEnumerator.m */; };
		BAEB8C7A161443F10041035C /* CRTransformingEnumerator.m in Sources */ = {isa = PBXBuildFile; fileRef = BAEB8C73161443F10041035C /* CRTransformingEnumerator.m */; };
		BAEB8C7D161444140041035C /* NSEnumerator+CREnumeration.m in Sources */ = {isa = PBXBuildFile; fileRef = BAEB8C7C161444140041035C /* NSEnumerator+CREnumeration.m */; };
		BAEB8C801614441F0041035C /* NSArray+CREnumeration.m in Sources */ = {isa = PBXBuildFile; fileRef = BAEB8C7F1614441F0041035C /* NSArray+CREnumeration.m */; };
		BAEB8C8F161444DB0041035C /* UIViewController+CRBoilerPlate.m in Sources */ = {isa = PBXBuildFile; fileRef = BAEB8C8E161444DB0041035C /* UIViewController+CRBoilerPlate.m */; };
		BAEB8C90161446370041035C /* CRChainingEnumeratorTests.m in Sources */ = {isa = PBXBuildFile; fileRef = BAEB8C81161444C90041035C /* CRChainingEnumeratorTests.m */; };
		BAEB8C911614463A0041035C /* CREnumerationExtensionsTest.m in Sources */ = {isa = PBXBuildFile; fileRef = BAEB8C82161444C90041035C /* CREnumerationExtensionsTest.m */; };
		BAEB8C921614463D0041035C /* CRSelectiveEnumeratorTests.m in Sources */ = {isa = PBXBuildFile; fileRef = BAEB8C83161444C90041035C /* CRSelectiveEnumeratorTests.m */; };
		BAEB8C93161446410041035C /* CRSkipEnumeratorTests.m in Sources */ = {isa = PBXBuildFile; fileRef = BAEB8C84161444C90041035C /* CRSkipEnumeratorTests.m */; };
		BAEB8C94161446440041035C /* CRTakeEnumeratorTests.m in Sources */ = {isa = PBXBuildFile; fileRef = BAEB8C85161444C90041035C /* CRTakeEnumeratorTests.m */; };
		BAEB8C95161446460041035C /* CRTransformingEnumeratorTests.m in Sources */ = {isa = PBXBuildFile; fileRef = BAEB8C86161444C90041035C /* CRTransformingEnumeratorTests.m */; };
		BAEB8C9C161448F00041035C /* UILabel+CRBoilerplate.m in Sources */ = {isa = PBXBuildFile; fileRef = BAEB8C9B161448F00041035C /* UILabel+CRBoilerplate.m */; };
		BAEB8C9F161449620041035C /* UIColor+CRBoilerplate.m in Sources */ = {isa = PBXBuildFile; fileRef = BAEB8C9E161449620041035C /* UIColor+CRBoilerplate.m */; };
		BAEB8CA216144AC70041035C /* UIImage+CRBoilerplate.m in Sources */ = {isa = PBXBuildFile; fileRef = BAEB8CA116144AC70041035C /* UIImage+CRBoilerplate.m */; };
		BAEB8CA516144BB40041035C /* NSData+CRBoilerplate.m in Sources */ = {isa = PBXBuildFile; fileRef = BAEB8CA416144BB40041035C /* NSData+CRBoilerplate.m */; };
		BAEB8CA816144D620041035C /* UIApplication+CRBoilerplate.m in Sources */ = {isa = PBXBuildFile; fileRef = BAEB8CA716144D620041035C /* UIApplication+CRBoilerplate.m */; };
		BAEB8CB516144E9E0041035C /* NSUserDefaults+CRBoilerplate.m in Sources */ = {isa = PBXBuildFile; fileRef = BAEB8CB416144E9D0041035C /* NSUserDefaults+CRBoilerplate.m */; };
		D766493D161B108D000C679F /* NSMutableData+CRBoilerplate.h in Headers */ = {isa = PBXBuildFile; fileRef = D766493B161B108D000C679F /* NSMutableData+CRBoilerplate.h */; settings = {ATTRIBUTES = (Public, ); }; };
		D766493E161B108D000C679F /* NSMutableData+CRBoilerplate.m in Sources */ = {isa = PBXBuildFile; fileRef = D766493C161B108D000C679F /* NSMutableData+CRBoilerplate.m */; };
		D766495E161B1417000C679F /* NSDataExtensionsTest.m in Sources */ = {isa = PBXBuildFile; fileRef = D766495D161B1417000C679F /* NSDataExtensionsTest.m */; };
		D7664960161B155C000C679F /* CoreGraphics.framework in Frameworks */ = {isa = PBXBuildFile; fileRef = D766495F161B155C000C679F /* CoreGraphics.framework */; };
		D7664967161B1839000C679F /* NSMutableDataExtensionsTest.m in Sources */ = {isa = PBXBuildFile; fileRef = D7664966161B1839000C679F /* NSMutableDataExtensionsTest.m */; };
		D7664968161B1B7F000C679F /* CRChainingEnumerator.h in Headers */ = {isa = PBXBuildFile; fileRef = BAEB8C65161443F10041035C /* CRChainingEnumerator.h */; settings = {ATTRIBUTES = (Private, ); }; };
		D7664969161B1B7F000C679F /* CREnumerator.h in Headers */ = {isa = PBXBuildFile; fileRef = BAEB8C6A161443F10041035C /* CREnumerator.h */; settings = {ATTRIBUTES = (Private, ); }; };
		D766496A161B1B7F000C679F /* CRSelectiveEnumerator.h in Headers */ = {isa = PBXBuildFile; fileRef = BAEB8C6C161443F10041035C /* CRSelectiveEnumerator.h */; settings = {ATTRIBUTES = (Private, ); }; };
		D766496B161B1B7F000C679F /* CRSkipEnumerator.h in Headers */ = {isa = PBXBuildFile; fileRef = BAEB8C6E161443F10041035C /* CRSkipEnumerator.h */; settings = {ATTRIBUTES = (Private, ); }; };
		D766496C161B1B7F000C679F /* CRTakeEnumerator.h in Headers */ = {isa = PBXBuildFile; fileRef = BAEB8C70161443F10041035C /* CRTakeEnumerator.h */; settings = {ATTRIBUTES = (Private, ); }; };
		D766496D161B1B7F000C679F /* CRTransformingEnumerator.h in Headers */ = {isa = PBXBuildFile; fileRef = BAEB8C72161443F10041035C /* CRTransformingEnumerator.h */; settings = {ATTRIBUTES = (Private, ); }; };
		D796C397161DA557008B3B96 /* CRLazyObject.h in Headers */ = {isa = PBXBuildFile; fileRef = D796C395161DA557008B3B96 /* CRLazyObject.h */; settings = {ATTRIBUTES = (Public, ); }; };
		D796C398161DA557008B3B96 /* CRLazyObject.m in Sources */ = {isa = PBXBuildFile; fileRef = D796C396161DA557008B3B96 /* CRLazyObject.m */; };
		D796C39C161DA817008B3B96 /* CRLazyObjectTests.m in Sources */ = {isa = PBXBuildFile; fileRef = D796C39B161DA817008B3B96 /* CRLazyObjectTests.m */; };
		D7ED9E48161DB1C400FA135D /* CRBoilerplate.h in Headers */ = {isa = PBXBuildFile; fileRef = BAEB8C3D1614437E0041035C /* CRBoilerplate.h */; settings = {ATTRIBUTES = (Public, ); }; };
		D7EF3A20165515C60090A8F4 /* CRDataReader.h in Headers */ = {isa = PBXBuildFile; fileRef = D7EF3A1E165515C60090A8F4 /* CRDataReader.h */; };
		D7EF3A21165515C60090A8F4 /* CRDataReader.m in Sources */ = {isa = PBXBuildFile; fileRef = D7EF3A1F165515C60090A8F4 /* CRDataReader.m */; };
		D7EF3A2F165517E30090A8F4 /* crc32.c in Sources */ = {isa = PBXBuildFile; fileRef = D7EF3A2B165517DB0090A8F4 /* crc32.c */; };
		D7EF3A30165517E30090A8F4 /* crc32.h in Headers */ = {isa = PBXBuildFile; fileRef = D7EF3A2C165517DD0090A8F4 /* crc32.h */; };
		D7EF3A31165517E30090A8F4 /* lookup2.c in Sources */ = {isa = PBXBuildFile; fileRef = D7EF3A2D165517DF0090A8F4 /* lookup2.c */; };
		D7EF3A32165517E30090A8F4 /* lookup2.h in Headers */ = {isa = PBXBuildFile; fileRef = D7EF3A2E165517E10090A8F4 /* lookup2.h */; };
/* End PBXBuildFile section */

/* Begin PBXContainerItemProxy section */
		BAEB8C4C1614437E0041035C /* PBXContainerItemProxy */ = {
			isa = PBXContainerItemProxy;
			containerPortal = BAEB8C2C1614437D0041035C /* Project object */;
			proxyType = 1;
			remoteGlobalIDString = BAEB8C341614437D0041035C;
			remoteInfo = CRBoilerplate;
		};
/* End PBXContainerItemProxy section */

/* Begin PBXFileReference section */
		BA81B02416146A5300379ABE /* UIScrollView+CRBoilerplate.h */ = {isa = PBXFileReference; fileEncoding = 4; lastKnownFileType = sourcecode.c.h; path = "UIScrollView+CRBoilerplate.h"; sourceTree = "<group>"; };
		BA81B02516146A5300379ABE /* UIScrollView+CRBoilerplate.m */ = {isa = PBXFileReference; fileEncoding = 4; lastKnownFileType = sourcecode.c.objc; path = "UIScrollView+CRBoilerplate.m"; sourceTree = "<group>"; };
		BAEB8C351614437D0041035C /* libCRBoilerplate.a */ = {isa = PBXFileReference; explicitFileType = archive.ar; includeInIndex = 0; path = libCRBoilerplate.a; sourceTree = BUILT_PRODUCTS_DIR; };
		BAEB8C381614437D0041035C /* Foundation.framework */ = {isa = PBXFileReference; lastKnownFileType = wrapper.framework; name = Foundation.framework; path = System/Library/Frameworks/Foundation.framework; sourceTree = SDKROOT; };
		BAEB8C3C1614437E0041035C /* CRBoilerplate-Prefix.pch */ = {isa = PBXFileReference; lastKnownFileType = sourcecode.c.h; path = "CRBoilerplate-Prefix.pch"; sourceTree = "<group>"; };
		BAEB8C3D1614437E0041035C /* CRBoilerplate.h */ = {isa = PBXFileReference; lastKnownFileType = sourcecode.c.h; path = CRBoilerplate.h; sourceTree = "<group>"; };
		BAEB8C461614437E0041035C /* CRBoilerplateTests.octest */ = {isa = PBXFileReference; explicitFileType = wrapper.cfbundle; includeInIndex = 0; path = CRBoilerplateTests.octest; sourceTree = BUILT_PRODUCTS_DIR; };
		BAEB8C471614437E0041035C /* SenTestingKit.framework */ = {isa = PBXFileReference; lastKnownFileType = wrapper.framework; name = SenTestingKit.framework; path = Library/Frameworks/SenTestingKit.framework; sourceTree = DEVELOPER_DIR; };
		BAEB8C491614437E0041035C /* UIKit.framework */ = {isa = PBXFileReference; lastKnownFileType = wrapper.framework; name = UIKit.framework; path = Library/Frameworks/UIKit.framework; sourceTree = DEVELOPER_DIR; };
		BAEB8C511614437E0041035C /* CRBoilerplateTests-Info.plist */ = {isa = PBXFileReference; lastKnownFileType = text.plist.xml; path = "CRBoilerplateTests-Info.plist"; sourceTree = "<group>"; };
		BAEB8C531614437E0041035C /* en */ = {isa = PBXFileReference; lastKnownFileType = text.plist.strings; name = en; path = en.lproj/InfoPlist.strings; sourceTree = "<group>"; };
		BAEB8C65161443F10041035C /* CRChainingEnumerator.h */ = {isa = PBXFileReference; fileEncoding = 4; lastKnownFileType = sourcecode.c.h; path = CRChainingEnumerator.h; sourceTree = "<group>"; };
		BAEB8C66161443F10041035C /* CRChainingEnumerator.m */ = {isa = PBXFileReference; fileEncoding = 4; lastKnownFileType = sourcecode.c.objc; path = CRChainingEnumerator.m; sourceTree = "<group>"; };
		BAEB8C69161443F10041035C /* CREnumerationTypes.h */ = {isa = PBXFileReference; fileEncoding = 4; lastKnownFileType = sourcecode.c.h; path = CREnumerationTypes.h; sourceTree = "<group>"; };
		BAEB8C6A161443F10041035C /* CREnumerator.h */ = {isa = PBXFileReference; fileEncoding = 4; lastKnownFileType = sourcecode.c.h; path = CREnumerator.h; sourceTree = "<group>"; };
		BAEB8C6B161443F10041035C /* CREnumerator.m */ = {isa = PBXFileReference; fileEncoding = 4; lastKnownFileType = sourcecode.c.objc; path = CREnumerator.m; sourceTree = "<group>"; };
		BAEB8C6C161443F10041035C /* CRSelectiveEnumerator.h */ = {isa = PBXFileReference; fileEncoding = 4; lastKnownFileType = sourcecode.c.h; path = CRSelectiveEnumerator.h; sourceTree = "<group>"; };
		BAEB8C6D161443F10041035C /* CRSelectiveEnumerator.m */ = {isa = PBXFileReference; fileEncoding = 4; lastKnownFileType = sourcecode.c.objc; path = CRSelectiveEnumerator.m; sourceTree = "<group>"; };
		BAEB8C6E161443F10041035C /* CRSkipEnumerator.h */ = {isa = PBXFileReference; fileEncoding = 4; lastKnownFileType = sourcecode.c.h; path = CRSkipEnumerator.h; sourceTree = "<group>"; };
		BAEB8C6F161443F10041035C /* CRSkipEnumerator.m */ = {isa = PBXFileReference; fileEncoding = 4; lastKnownFileType = sourcecode.c.objc; path = CRSkipEnumerator.m; sourceTree = "<group>"; };
		BAEB8C70161443F10041035C /* CRTakeEnumerator.h */ = {isa = PBXFileReference; fileEncoding = 4; lastKnownFileType = sourcecode.c.h; path = CRTakeEnumerator.h; sourceTree = "<group>"; };
		BAEB8C71161443F10041035C /* CRTakeEnumerator.m */ = {isa = PBXFileReference; fileEncoding = 4; lastKnownFileType = sourcecode.c.objc; path = CRTakeEnumerator.m; sourceTree = "<group>"; };
		BAEB8C72161443F10041035C /* CRTransformingEnumerator.h */ = {isa = PBXFileReference; fileEncoding = 4; lastKnownFileType = sourcecode.c.h; path = CRTransformingEnumerator.h; sourceTree = "<group>"; };
		BAEB8C73161443F10041035C /* CRTransformingEnumerator.m */ = {isa = PBXFileReference; fileEncoding = 4; lastKnownFileType = sourcecode.c.objc; path = CRTransformingEnumerator.m; sourceTree = "<group>"; };
		BAEB8C7B161444140041035C /* NSEnumerator+CREnumeration.h */ = {isa = PBXFileReference; fileEncoding = 4; lastKnownFileType = sourcecode.c.h; path = "NSEnumerator+CREnumeration.h"; sourceTree = "<group>"; };
		BAEB8C7C161444140041035C /* NSEnumerator+CREnumeration.m */ = {isa = PBXFileReference; fileEncoding = 4; lastKnownFileType = sourcecode.c.objc; path = "NSEnumerator+CREnumeration.m"; sourceTree = "<group>"; };
		BAEB8C7E1614441F0041035C /* NSArray+CREnumeration.h */ = {isa = PBXFileReference; fileEncoding = 4; lastKnownFileType = sourcecode.c.h; path = "NSArray+CREnumeration.h"; sourceTree = "<group>"; };
		BAEB8C7F1614441F0041035C /* NSArray+CREnumeration.m */ = {isa = PBXFileReference; fileEncoding = 4; lastKnownFileType = sourcecode.c.objc; path = "NSArray+CREnumeration.m"; sourceTree = "<group>"; };
		BAEB8C81161444C90041035C /* CRChainingEnumeratorTests.m */ = {isa = PBXFileReference; fileEncoding = 4; lastKnownFileType = sourcecode.c.objc; path = CRChainingEnumeratorTests.m; sourceTree = "<group>"; };
		BAEB8C82161444C90041035C /* CREnumerationExtensionsTest.m */ = {isa = PBXFileReference; fileEncoding = 4; lastKnownFileType = sourcecode.c.objc; path = CREnumerationExtensionsTest.m; sourceTree = "<group>"; };
		BAEB8C83161444C90041035C /* CRSelectiveEnumeratorTests.m */ = {isa = PBXFileReference; fileEncoding = 4; lastKnownFileType = sourcecode.c.objc; path = CRSelectiveEnumeratorTests.m; sourceTree = "<group>"; };
		BAEB8C84161444C90041035C /* CRSkipEnumeratorTests.m */ = {isa = PBXFileReference; fileEncoding = 4; lastKnownFileType = sourcecode.c.objc; path = CRSkipEnumeratorTests.m; sourceTree = "<group>"; };
		BAEB8C85161444C90041035C /* CRTakeEnumeratorTests.m */ = {isa = PBXFileReference; fileEncoding = 4; lastKnownFileType = sourcecode.c.objc; path = CRTakeEnumeratorTests.m; sourceTree = "<group>"; };
		BAEB8C86161444C90041035C /* CRTransformingEnumeratorTests.m */ = {isa = PBXFileReference; fileEncoding = 4; lastKnownFileType = sourcecode.c.objc; path = CRTransformingEnumeratorTests.m; sourceTree = "<group>"; };
		BAEB8C8D161444DB0041035C /* UIViewController+CRBoilerPlate.h */ = {isa = PBXFileReference; fileEncoding = 4; lastKnownFileType = sourcecode.c.h; path = "UIViewController+CRBoilerPlate.h"; sourceTree = "<group>"; };
		BAEB8C8E161444DB0041035C /* UIViewController+CRBoilerPlate.m */ = {isa = PBXFileReference; fileEncoding = 4; lastKnownFileType = sourcecode.c.objc; path = "UIViewController+CRBoilerPlate.m"; sourceTree = "<group>"; };
		BAEB8C9A161448F00041035C /* UILabel+CRBoilerplate.h */ = {isa = PBXFileReference; fileEncoding = 4; lastKnownFileType = sourcecode.c.h; path = "UILabel+CRBoilerplate.h"; sourceTree = "<group>"; };
		BAEB8C9B161448F00041035C /* UILabel+CRBoilerplate.m */ = {isa = PBXFileReference; fileEncoding = 4; lastKnownFileType = sourcecode.c.objc; path = "UILabel+CRBoilerplate.m"; sourceTree = "<group>"; };
		BAEB8C9D161449620041035C /* UIColor+CRBoilerplate.h */ = {isa = PBXFileReference; fileEncoding = 4; lastKnownFileType = sourcecode.c.h; path = "UIColor+CRBoilerplate.h"; sourceTree = "<group>"; };
		BAEB8C9E161449620041035C /* UIColor+CRBoilerplate.m */ = {isa = PBXFileReference; fileEncoding = 4; lastKnownFileType = sourcecode.c.objc; path = "UIColor+CRBoilerplate.m"; sourceTree = "<group>"; };
		BAEB8CA016144AC70041035C /* UIImage+CRBoilerplate.h */ = {isa = PBXFileReference; fileEncoding = 4; lastKnownFileType = sourcecode.c.h; path = "UIImage+CRBoilerplate.h"; sourceTree = "<group>"; };
		BAEB8CA116144AC70041035C /* UIImage+CRBoilerplate.m */ = {isa = PBXFileReference; fileEncoding = 4; lastKnownFileType = sourcecode.c.objc; path = "UIImage+CRBoilerplate.m"; sourceTree = "<group>"; };
		BAEB8CA316144BB40041035C /* NSData+CRBoilerplate.h */ = {isa = PBXFileReference; fileEncoding = 4; lastKnownFileType = sourcecode.c.h; path = "NSData+CRBoilerplate.h"; sourceTree = "<group>"; };
		BAEB8CA416144BB40041035C /* NSData+CRBoilerplate.m */ = {isa = PBXFileReference; fileEncoding = 4; lastKnownFileType = sourcecode.c.objc; path = "NSData+CRBoilerplate.m"; sourceTree = "<group>"; };
		BAEB8CA616144D610041035C /* UIApplication+CRBoilerplate.h */ = {isa = PBXFileReference; fileEncoding = 4; lastKnownFileType = sourcecode.c.h; path = "UIApplication+CRBoilerplate.h"; sourceTree = "<group>"; };
		BAEB8CA716144D620041035C /* UIApplication+CRBoilerplate.m */ = {isa = PBXFileReference; fileEncoding = 4; lastKnownFileType = sourcecode.c.objc; path = "UIApplication+CRBoilerplate.m"; sourceTree = "<group>"; };
		BAEB8CB316144E9D0041035C /* NSUserDefaults+CRBoilerplate.h */ = {isa = PBXFileReference; fileEncoding = 4; lastKnownFileType = sourcecode.c.h; path = "NSUserDefaults+CRBoilerplate.h"; sourceTree = "<group>"; };
		BAEB8CB416144E9D0041035C /* NSUserDefaults+CRBoilerplate.m */ = {isa = PBXFileReference; fileEncoding = 4; lastKnownFileType = sourcecode.c.objc; path = "NSUserDefaults+CRBoilerplate.m"; sourceTree = "<group>"; };
		D766493B161B108D000C679F /* NSMutableData+CRBoilerplate.h */ = {isa = PBXFileReference; fileEncoding = 4; lastKnownFileType = sourcecode.c.h; path = "NSMutableData+CRBoilerplate.h"; sourceTree = "<group>"; };
		D766493C161B108D000C679F /* NSMutableData+CRBoilerplate.m */ = {isa = PBXFileReference; fileEncoding = 4; lastKnownFileType = sourcecode.c.objc; path = "NSMutableData+CRBoilerplate.m"; sourceTree = "<group>"; };
		D766495D161B1417000C679F /* NSDataExtensionsTest.m */ = {isa = PBXFileReference; fileEncoding = 4; lastKnownFileType = sourcecode.c.objc; path = NSDataExtensionsTest.m; sourceTree = "<group>"; };
		D766495F161B155C000C679F /* CoreGraphics.framework */ = {isa = PBXFileReference; lastKnownFileType = wrapper.framework; name = CoreGraphics.framework; path = System/Library/Frameworks/CoreGraphics.framework; sourceTree = SDKROOT; };
		D7664966161B1839000C679F /* NSMutableDataExtensionsTest.m */ = {isa = PBXFileReference; fileEncoding = 4; lastKnownFileType = sourcecode.c.objc; path = NSMutableDataExtensionsTest.m; sourceTree = "<group>"; };
		D766496E161B1C70000C679F /* BuildScript.sh */ = {isa = PBXFileReference; lastKnownFileType = text.script.sh; path = BuildScript.sh; sourceTree = "<group>"; };
		D796C395161DA557008B3B96 /* CRLazyObject.h */ = {isa = PBXFileReference; fileEncoding = 4; lastKnownFileType = sourcecode.c.h; path = CRLazyObject.h; sourceTree = "<group>"; };
		D796C396161DA557008B3B96 /* CRLazyObject.m */ = {isa = PBXFileReference; fileEncoding = 4; lastKnownFileType = sourcecode.c.objc; path = CRLazyObject.m; sourceTree = "<group>"; };
		D796C39B161DA817008B3B96 /* CRLazyObjectTests.m */ = {isa = PBXFileReference; fileEncoding = 4; lastKnownFileType = sourcecode.c.objc; path = CRLazyObjectTests.m; sourceTree = "<group>"; };
		D7EF3A1E165515C60090A8F4 /* CRDataReader.h */ = {isa = PBXFileReference; fileEncoding = 4; lastKnownFileType = sourcecode.c.h; path = CRDataReader.h; sourceTree = "<group>"; };
		D7EF3A1F165515C60090A8F4 /* CRDataReader.m */ = {isa = PBXFileReference; fileEncoding = 4; lastKnownFileType = sourcecode.c.objc; path = CRDataReader.m; sourceTree = "<group>"; };
		D7EF3A2B165517DB0090A8F4 /* crc32.c */ = {isa = PBXFileReference; fileEncoding = 4; lastKnownFileType = sourcecode.c.c; path = crc32.c; sourceTree = "<group>"; };
		D7EF3A2C165517DD0090A8F4 /* crc32.h */ = {isa = PBXFileReference; fileEncoding = 4; lastKnownFileType = sourcecode.c.h; path = crc32.h; sourceTree = "<group>"; };
		D7EF3A2D165517DF0090A8F4 /* lookup2.c */ = {isa = PBXFileReference; fileEncoding = 4; lastKnownFileType = sourcecode.c.c; path = lookup2.c; sourceTree = "<group>"; };
		D7EF3A2E165517E10090A8F4 /* lookup2.h */ = {isa = PBXFileReference; fileEncoding = 4; lastKnownFileType = sourcecode.c.h; path = lookup2.h; sourceTree = "<group>"; };
/* End PBXFileReference section */

/* Begin PBXFrameworksBuildPhase section */
		BAEB8C321614437D0041035C /* Frameworks */ = {
			isa = PBXFrameworksBuildPhase;
			buildActionMask = 2147483647;
			files = (
				BAEB8C391614437D0041035C /* Foundation.framework in Frameworks */,
			);
			runOnlyForDeploymentPostprocessing = 0;
		};
		BAEB8C421614437E0041035C /* Frameworks */ = {
			isa = PBXFrameworksBuildPhase;
			buildActionMask = 2147483647;
			files = (
				D7664960161B155C000C679F /* CoreGraphics.framework in Frameworks */,
				BAEB8C481614437E0041035C /* SenTestingKit.framework in Frameworks */,
				BAEB8C4A1614437E0041035C /* UIKit.framework in Frameworks */,
				BAEB8C4B1614437E0041035C /* Foundation.framework in Frameworks */,
				BAEB8C4E1614437E0041035C /* libCRBoilerplate.a in Frameworks */,
			);
			runOnlyForDeploymentPostprocessing = 0;
		};
/* End PBXFrameworksBuildPhase section */

/* Begin PBXGroup section */
		BAEB8C2A1614437D0041035C = {
			isa = PBXGroup;
			children = (
				D766496E161B1C70000C679F /* BuildScript.sh */,
				BAEB8C3A1614437E0041035C /* CRBoilerplate */,
				BAEB8C4F1614437E0041035C /* CRBoilerplate Unit Tests */,
				BAEB8C371614437D0041035C /* Frameworks */,
				BAEB8C361614437D0041035C /* Products */,
			);
			sourceTree = "<group>";
		};
		BAEB8C361614437D0041035C /* Products */ = {
			isa = PBXGroup;
			children = (
				BAEB8C351614437D0041035C /* libCRBoilerplate.a */,
				BAEB8C461614437E0041035C /* CRBoilerplateTests.octest */,
			);
			name = Products;
			sourceTree = "<group>";
		};
		BAEB8C371614437D0041035C /* Frameworks */ = {
			isa = PBXGroup;
			children = (
				D766495F161B155C000C679F /* CoreGraphics.framework */,
				BAEB8C381614437D0041035C /* Foundation.framework */,
				BAEB8C471614437E0041035C /* SenTestingKit.framework */,
				BAEB8C491614437E0041035C /* UIKit.framework */,
			);
			name = Frameworks;
			sourceTree = "<group>";
		};
		BAEB8C3A1614437E0041035C /* CRBoilerplate */ = {
			isa = PBXGroup;
			children = (
				BAEB8C621614438D0041035C /* Foundation */,
				BAEB8C61161443890041035C /* UIKit */,
				BAEB8C3D1614437E0041035C /* CRBoilerplate.h */,
				BAEB8C3B1614437E0041035C /* Supporting Files */,
			);
			path = CRBoilerplate;
			sourceTree = "<group>";
		};
		BAEB8C3B1614437E0041035C /* Supporting Files */ = {
			isa = PBXGroup;
			children = (
				BAEB8C3C1614437E0041035C /* CRBoilerplate-Prefix.pch */,
			);
			name = "Supporting Files";
			sourceTree = "<group>";
		};
		BAEB8C4F1614437E0041035C /* CRBoilerplate Unit Tests */ = {
			isa = PBXGroup;
			children = (
				BAEB8C64161443A40041035C /* Foundation */,
				BAEB8C501614437E0041035C /* Supporting Files */,
			);
			name = "CRBoilerplate Unit Tests";
			path = CRBoilerplateTests;
			sourceTree = "<group>";
		};
		BAEB8C501614437E0041035C /* Supporting Files */ = {
			isa = PBXGroup;
			children = (
				BAEB8C511614437E0041035C /* CRBoilerplateTests-Info.plist */,
				BAEB8C521614437E0041035C /* InfoPlist.strings */,
			);
			name = "Supporting Files";
			sourceTree = "<group>";
		};
		BAEB8C60161443830041035C /* Enumeration */ = {
			isa = PBXGroup;
			children = (
				BAEB8C65161443F10041035C /* CRChainingEnumerator.h */,
				BAEB8C66161443F10041035C /* CRChainingEnumerator.m */,
				BAEB8C69161443F10041035C /* CREnumerationTypes.h */,
				BAEB8C6A161443F10041035C /* CREnumerator.h */,
				BAEB8C6B161443F10041035C /* CREnumerator.m */,
				BAEB8C6C161443F10041035C /* CRSelectiveEnumerator.h */,
				BAEB8C6D161443F10041035C /* CRSelectiveEnumerator.m */,
				BAEB8C6E161443F10041035C /* CRSkipEnumerator.h */,
				BAEB8C6F161443F10041035C /* CRSkipEnumerator.m */,
				BAEB8C70161443F10041035C /* CRTakeEnumerator.h */,
				BAEB8C71161443F10041035C /* CRTakeEnumerator.m */,
				BAEB8C72161443F10041035C /* CRTransformingEnumerator.h */,
				BAEB8C73161443F10041035C /* CRTransformingEnumerator.m */,
				BAEB8C7B161444140041035C /* NSEnumerator+CREnumeration.h */,
				BAEB8C7C161444140041035C /* NSEnumerator+CREnumeration.m */,
				BAEB8C7E1614441F0041035C /* NSArray+CREnumeration.h */,
				BAEB8C7F1614441F0041035C /* NSArray+CREnumeration.m */,
			);
			path = Enumeration;
			sourceTree = "<group>";
		};
		BAEB8C61161443890041035C /* UIKit */ = {
			isa = PBXGroup;
			children = (
				BAEB8C8D161444DB0041035C /* UIViewController+CRBoilerPlate.h */,
				BAEB8C8E161444DB0041035C /* UIViewController+CRBoilerPlate.m */,
				BAEB8C9A161448F00041035C /* UILabel+CRBoilerplate.h */,
				BAEB8C9B161448F00041035C /* UILabel+CRBoilerplate.m */,
				BAEB8C9D161449620041035C /* UIColor+CRBoilerplate.h */,
				BAEB8C9E161449620041035C /* UIColor+CRBoilerplate.m */,
				BAEB8CA016144AC70041035C /* UIImage+CRBoilerplate.h */,
				BAEB8CA116144AC70041035C /* UIImage+CRBoilerplate.m */,
				BAEB8CA616144D610041035C /* UIApplication+CRBoilerplate.h */,
				BAEB8CA716144D620041035C /* UIApplication+CRBoilerplate.m */,
				BA81B02416146A5300379ABE /* UIScrollView+CRBoilerplate.h */,
				BA81B02516146A5300379ABE /* UIScrollView+CRBoilerplate.m */,
			);
			path = UIKit;
			sourceTree = "<group>";
		};
		BAEB8C621614438D0041035C /* Foundation */ = {
			isa = PBXGroup;
			children = (
				D7EF3A2B165517DB0090A8F4 /* crc32.c */,
				D7EF3A2C165517DD0090A8F4 /* crc32.h */,
				D7EF3A2D165517DF0090A8F4 /* lookup2.c */,
				D7EF3A2E165517E10090A8F4 /* lookup2.h */,
				BAEB8C60161443830041035C /* Enumeration */,
				BAEB8CA316144BB40041035C /* NSData+CRBoilerplate.h */,
				BAEB8CA416144BB40041035C /* NSData+CRBoilerplate.m */,
				BAEB8CB316144E9D0041035C /* NSUserDefaults+CRBoilerplate.h */,
				BAEB8CB416144E9D0041035C /* NSUserDefaults+CRBoilerplate.m */,
				D766493B161B108D000C679F /* NSMutableData+CRBoilerplate.h */,
				D766493C161B108D000C679F /* NSMutableData+CRBoilerplate.m */,
				D796C395161DA557008B3B96 /* CRLazyObject.h */,
				D796C396161DA557008B3B96 /* CRLazyObject.m */,
				D7EF3A1E165515C60090A8F4 /* CRDataReader.h */,
				D7EF3A1F165515C60090A8F4 /* CRDataReader.m */,
			);
			path = Foundation;
			sourceTree = "<group>";
		};
		BAEB8C631614439F0041035C /* Enumeration */ = {
			isa = PBXGroup;
			children = (
				BAEB8C81161444C90041035C /* CRChainingEnumeratorTests.m */,
				BAEB8C82161444C90041035C /* CREnumerationExtensionsTest.m */,
				BAEB8C83161444C90041035C /* CRSelectiveEnumeratorTests.m */,
				BAEB8C84161444C90041035C /* CRSkipEnumeratorTests.m */,
				BAEB8C85161444C90041035C /* CRTakeEnumeratorTests.m */,
				BAEB8C86161444C90041035C /* CRTransformingEnumeratorTests.m */,
			);
			path = Enumeration;
			sourceTree = "<group>";
		};
		BAEB8C64161443A40041035C /* Foundation */ = {
			isa = PBXGroup;
			children = (
				BAEB8C631614439F0041035C /* Enumeration */,
				D766495D161B1417000C679F /* NSDataExtensionsTest.m */,
				D7664966161B1839000C679F /* NSMutableDataExtensionsTest.m */,
				D796C39B161DA817008B3B96 /* CRLazyObjectTests.m */,
			);
			path = Foundation;
			sourceTree = "<group>";
		};
/* End PBXGroup section */

/* Begin PBXHeadersBuildPhase section */
		BA81B0171614641500379ABE /* Headers */ = {
			isa = PBXHeadersBuildPhase;
			buildActionMask = 2147483647;
			files = (
				BA81B0191614643C00379ABE /* CREnumerationTypes.h in Headers */,
				BA81B01A1614643C00379ABE /* NSEnumerator+CREnumeration.h in Headers */,
				BA81B01B1614643C00379ABE /* NSArray+CREnumeration.h in Headers */,
				BA81B01C1614643C00379ABE /* NSData+CRBoilerplate.h in Headers */,
				BA81B01D1614643C00379ABE /* NSUserDefaults+CRBoilerplate.h in Headers */,
				BA81B01E1614643C00379ABE /* UIViewController+CRBoilerPlate.h in Headers */,
				D796C397161DA557008B3B96 /* CRLazyObject.h in Headers */,
				BA81B01F1614643C00379ABE /* UILabel+CRBoilerplate.h in Headers */,
				BA81B0201614643C00379ABE /* UIColor+CRBoilerplate.h in Headers */,
				BA81B0211614643C00379ABE /* UIImage+CRBoilerplate.h in Headers */,
				BA81B0221614643C00379ABE /* UIApplication+CRBoilerplate.h in Headers */,
				BA81B02616146A5300379ABE /* UIScrollView+CRBoilerplate.h in Headers */,
				D766493D161B108D000C679F /* NSMutableData+CRBoilerplate.h in Headers */,
				D7664968161B1B7F000C679F /* CRChainingEnumerator.h in Headers */,
				D7664969161B1B7F000C679F /* CREnumerator.h in Headers */,
				D766496A161B1B7F000C679F /* CRSelectiveEnumerator.h in Headers */,
				D766496B161B1B7F000C679F /* CRSkipEnumerator.h in Headers */,
				D766496C161B1B7F000C679F /* CRTakeEnumerator.h in Headers */,
				D766496D161B1B7F000C679F /* CRTransformingEnumerator.h in Headers */,
				D7ED9E48161DB1C400FA135D /* CRBoilerplate.h in Headers */,
				D7EF3A20165515C60090A8F4 /* CRDataReader.h in Headers */,
				D7EF3A30165517E30090A8F4 /* crc32.h in Headers */,
				D7EF3A32165517E30090A8F4 /* lookup2.h in Headers */,
			);
			runOnlyForDeploymentPostprocessing = 0;
		};
/* End PBXHeadersBuildPhase section */

/* Begin PBXNativeTarget section */
		BAEB8C341614437D0041035C /* CRBoilerplate */ = {
			isa = PBXNativeTarget;
			buildConfigurationList = BAEB8C5A1614437E0041035C /* Build configuration list for PBXNativeTarget "CRBoilerplate" */;
			buildPhases = (
				BAEB8C311614437D0041035C /* Sources */,
				BAEB8C321614437D0041035C /* Frameworks */,
				BA81B0171614641500379ABE /* Headers */,
			);
			buildRules = (
			);
			dependencies = (
			);
			name = CRBoilerplate;
			productName = CRBoilerplate;
			productReference = BAEB8C351614437D0041035C /* libCRBoilerplate.a */;
			productType = "com.apple.product-type.library.static";
		};
		BAEB8C451614437E0041035C /* CRBoilerplateTests */ = {
			isa = PBXNativeTarget;
			buildConfigurationList = BAEB8C5D1614437E0041035C /* Build configuration list for PBXNativeTarget "CRBoilerplateTests" */;
			buildPhases = (
				BAEB8C411614437E0041035C /* Sources */,
				BAEB8C421614437E0041035C /* Frameworks */,
				BAEB8C431614437E0041035C /* Resources */,
				BAEB8C441614437E0041035C /* ShellScript */,
			);
			buildRules = (
			);
			dependencies = (
				BAEB8C4D1614437E0041035C /* PBXTargetDependency */,
			);
			name = CRBoilerplateTests;
			productName = CRBoilerplateTests;
			productReference = BAEB8C461614437E0041035C /* CRBoilerplateTests.octest */;
			productType = "com.apple.product-type.bundle";
		};
/* End PBXNativeTarget section */

/* Begin PBXProject section */
		BAEB8C2C1614437D0041035C /* Project object */ = {
			isa = PBXProject;
			attributes = {
				LastUpgradeCheck = 0450;
				ORGANIZATIONNAME = "Coding Range";
			};
			buildConfigurationList = BAEB8C2F1614437D0041035C /* Build configuration list for PBXProject "CRBoilerplate" */;
			compatibilityVersion = "Xcode 3.2";
			developmentRegion = English;
			hasScannedForEncodings = 0;
			knownRegions = (
				en,
			);
			mainGroup = BAEB8C2A1614437D0041035C;
			productRefGroup = BAEB8C361614437D0041035C /* Products */;
			projectDirPath = "";
			projectRoot = "";
			targets = (
				BAEB8C341614437D0041035C /* CRBoilerplate */,
				BAEB8C451614437E0041035C /* CRBoilerplateTests */,
			);
		};
/* End PBXProject section */

/* Begin PBXResourcesBuildPhase section */
		BAEB8C431614437E0041035C /* Resources */ = {
			isa = PBXResourcesBuildPhase;
			buildActionMask = 2147483647;
			files = (
				BAEB8C541614437E0041035C /* InfoPlist.strings in Resources */,
			);
			runOnlyForDeploymentPostprocessing = 0;
		};
/* End PBXResourcesBuildPhase section */

/* Begin PBXShellScriptBuildPhase section */
		BAEB8C441614437E0041035C /* ShellScript */ = {
			isa = PBXShellScriptBuildPhase;
			buildActionMask = 2147483647;
			files = (
			);
			inputPaths = (
			);
			outputPaths = (
			);
			runOnlyForDeploymentPostprocessing = 0;
			shellPath = /bin/sh;
			shellScript = "# Run the unit tests in this test bundle.\n\"${SYSTEM_DEVELOPER_DIR}/Tools/RunUnitTests\"\n";
		};
/* End PBXShellScriptBuildPhase section */

/* Begin PBXSourcesBuildPhase section */
		BAEB8C311614437D0041035C /* Sources */ = {
			isa = PBXSourcesBuildPhase;
			buildActionMask = 2147483647;
			files = (
				BAEB8C74161443F10041035C /* CRChainingEnumerator.m in Sources */,
				BAEB8C76161443F10041035C /* CREnumerator.m in Sources */,
				BAEB8C77161443F10041035C /* CRSelectiveEnumerator.m in Sources */,
				BAEB8C78161443F10041035C /* CRSkipEnumerator.m in Sources */,
				BAEB8C79161443F10041035C /* CRTakeEnumerator.m in Sources */,
				BAEB8C7A161443F10041035C /* CRTransformingEnumerator.m in Sources */,
				BAEB8C7D161444140041035C /* NSEnumerator+CREnumeration.m in Sources */,
				BAEB8C801614441F0041035C /* NSArray+CREnumeration.m in Sources */,
				BAEB8C8F161444DB0041035C /* UIViewController+CRBoilerPlate.m in Sources */,
				BAEB8C9C161448F00041035C /* UILabel+CRBoilerplate.m in Sources */,
				BAEB8C9F161449620041035C /* UIColor+CRBoilerplate.m in Sources */,
				BAEB8CA216144AC70041035C /* UIImage+CRBoilerplate.m in Sources */,
				BAEB8CA516144BB40041035C /* NSData+CRBoilerplate.m in Sources */,
				BAEB8CA816144D620041035C /* UIApplication+CRBoilerplate.m in Sources */,
				BAEB8CB516144E9E0041035C /* NSUserDefaults+CRBoilerplate.m in Sources */,
				BA81B02716146A5300379ABE /* UIScrollView+CRBoilerplate.m in Sources */,
				D766493E161B108D000C679F /* NSMutableData+CRBoilerplate.m in Sources */,
				D796C398161DA557008B3B96 /* CRLazyObject.m in Sources */,
				D7EF3A21165515C60090A8F4 /* CRDataReader.m in Sources */,
				D7EF3A2F165517E30090A8F4 /* crc32.c in Sources */,
				D7EF3A31165517E30090A8F4 /* lookup2.c in Sources */,
			);
			runOnlyForDeploymentPostprocessing = 0;
		};
		BAEB8C411614437E0041035C /* Sources */ = {
			isa = PBXSourcesBuildPhase;
			buildActionMask = 2147483647;
			files = (
				BAEB8C90161446370041035C /* CRChainingEnumeratorTests.m in Sources */,
				BAEB8C911614463A0041035C /* CREnumerationExtensionsTest.m in Sources */,
				BAEB8C921614463D0041035C /* CRSelectiveEnumeratorTests.m in Sources */,
				BAEB8C93161446410041035C /* CRSkipEnumeratorTests.m in Sources */,
				BAEB8C94161446440041035C /* CRTakeEnumeratorTests.m in Sources */,
				BAEB8C95161446460041035C /* CRTransformingEnumeratorTests.m in Sources */,
				D766495E161B1417000C679F /* NSDataExtensionsTest.m in Sources */,
				D7664967161B1839000C679F /* NSMutableDataExtensionsTest.m in Sources */,
				D796C39C161DA817008B3B96 /* CRLazyObjectTests.m in Sources */,
			);
			runOnlyForDeploymentPostprocessing = 0;
		};
/* End PBXSourcesBuildPhase section */

/* Begin PBXTargetDependency section */
		BAEB8C4D1614437E0041035C /* PBXTargetDependency */ = {
			isa = PBXTargetDependency;
			target = BAEB8C341614437D0041035C /* CRBoilerplate */;
			targetProxy = BAEB8C4C1614437E0041035C /* PBXContainerItemProxy */;
		};
/* End PBXTargetDependency section */

/* Begin PBXVariantGroup section */
		BAEB8C521614437E0041035C /* InfoPlist.strings */ = {
			isa = PBXVariantGroup;
			children = (
				BAEB8C531614437E0041035C /* en */,
			);
			name = InfoPlist.strings;
			sourceTree = "<group>";
		};
/* End PBXVariantGroup section */

/* Begin XCBuildConfiguration section */
		BAEB8C581614437E0041035C /* Debug */ = {
			isa = XCBuildConfiguration;
			buildSettings = {
				ALWAYS_SEARCH_USER_PATHS = NO;
				CLANG_CXX_LANGUAGE_STANDARD = "gnu++0x";
				CLANG_CXX_LIBRARY = "libc++";
				CLANG_ENABLE_OBJC_ARC = YES;
				CLANG_WARN_EMPTY_BODY = YES;
				CLANG_WARN__DUPLICATE_METHOD_MATCH = YES;
				COPY_PHASE_STRIP = NO;
				GCC_C_LANGUAGE_STANDARD = gnu99;
				GCC_DYNAMIC_NO_PIC = NO;
				GCC_OPTIMIZATION_LEVEL = 0;
				GCC_PREPROCESSOR_DEFINITIONS = (
					"DEBUG=1",
					"$(inherited)",
				);
				GCC_SYMBOLS_PRIVATE_EXTERN = NO;
				GCC_WARN_ABOUT_RETURN_TYPE = YES;
				GCC_WARN_UNINITIALIZED_AUTOS = YES;
				GCC_WARN_UNUSED_VARIABLE = YES;
				IPHONEOS_DEPLOYMENT_TARGET = 6.0;
				SDKROOT = iphoneos;
			};
			name = Debug;
		};
		BAEB8C591614437E0041035C /* Release */ = {
			isa = XCBuildConfiguration;
			buildSettings = {
				ALWAYS_SEARCH_USER_PATHS = NO;
				CLANG_CXX_LANGUAGE_STANDARD = "gnu++0x";
				CLANG_CXX_LIBRARY = "libc++";
				CLANG_ENABLE_OBJC_ARC = YES;
				CLANG_WARN_EMPTY_BODY = YES;
				CLANG_WARN__DUPLICATE_METHOD_MATCH = YES;
				COPY_PHASE_STRIP = YES;
				GCC_C_LANGUAGE_STANDARD = gnu99;
				GCC_PREPROCESSOR_DEFINITIONS = "RELEASE=1";
				GCC_WARN_ABOUT_RETURN_TYPE = YES;
				GCC_WARN_UNINITIALIZED_AUTOS = YES;
				GCC_WARN_UNUSED_VARIABLE = YES;
				IPHONEOS_DEPLOYMENT_TARGET = 6.0;
				SDKROOT = iphoneos;
				VALIDATE_PRODUCT = YES;
			};
			name = Release;
		};
		BAEB8C5B1614437E0041035C /* Debug */ = {
			isa = XCBuildConfiguration;
			buildSettings = {
				DSTROOT = /tmp/CRBoilerplate.dst;
				GCC_PRECOMPILE_PREFIX_HEADER = YES;
				GCC_PREFIX_HEADER = "CRBoilerplate/CRBoilerplate-Prefix.pch";
				OTHER_LDFLAGS = "-ObjC";
				PRODUCT_NAME = "$(TARGET_NAME)";
				PUBLIC_HEADERS_FOLDER_PATH = "/include/$(PRODUCT_NAME)";
				SKIP_INSTALL = YES;
			};
			name = Debug;
		};
		BAEB8C5C1614437E0041035C /* Release */ = {
			isa = XCBuildConfiguration;
			buildSettings = {
				DSTROOT = /tmp/CRBoilerplate.dst;
				GCC_PRECOMPILE_PREFIX_HEADER = YES;
				GCC_PREFIX_HEADER = "CRBoilerplate/CRBoilerplate-Prefix.pch";
				OTHER_LDFLAGS = "-ObjC";
				PRODUCT_NAME = "$(TARGET_NAME)";
				PUBLIC_HEADERS_FOLDER_PATH = "/include/$(PRODUCT_NAME)";
				SKIP_INSTALL = YES;
			};
			name = Release;
		};
		BAEB8C5E1614437E0041035C /* Debug */ = {
			isa = XCBuildConfiguration;
			buildSettings = {
				FRAMEWORK_SEARCH_PATHS = (
					"\"$(SDKROOT)/Developer/Library/Frameworks\"",
					"\"$(DEVELOPER_LIBRARY_DIR)/Frameworks\"",
				);
				GCC_PRECOMPILE_PREFIX_HEADER = YES;
				GCC_PREFIX_HEADER = "CRBoilerplate/CRBoilerplate-Prefix.pch";
				INFOPLIST_FILE = "CRBoilerplateTests/CRBoilerplateTests-Info.plist";
				OTHER_LDFLAGS = (
					"-ObjC",
					"-all_load",
				);
				PRODUCT_NAME = "$(TARGET_NAME)";
				WRAPPER_EXTENSION = octest;
			};
			name = Debug;
		};
		BAEB8C5F1614437E0041035C /* Release */ = {
			isa = XCBuildConfiguration;
			buildSettings = {
				FRAMEWORK_SEARCH_PATHS = (
					"\"$(SDKROOT)/Developer/Library/Frameworks\"",
					"\"$(DEVELOPER_LIBRARY_DIR)/Frameworks\"",
				);
				GCC_PRECOMPILE_PREFIX_HEADER = YES;
				GCC_PREFIX_HEADER = "CRBoilerplate/CRBoilerplate-Prefix.pch";
				INFOPLIST_FILE = "CRBoilerplateTests/CRBoilerplateTests-Info.plist";
				OTHER_LDFLAGS = (
					"-ObjC",
					"-all_load",
				);
				PRODUCT_NAME = "$(TARGET_NAME)";
				WRAPPER_EXTENSION = octest;
			};
			name = Release;
		};
/* End XCBuildConfiguration section */

/* Begin XCConfigurationList section */
		BAEB8C2F1614437D0041035C /* Build configuration list for PBXProject "CRBoilerplate" */ = {
			isa = XCConfigurationList;
			buildConfigurations = (
				BAEB8C581614437E0041035C /* Debug */,
				BAEB8C591614437E0041035C /* Release */,
			);
			defaultConfigurationIsVisible = 0;
			defaultConfigurationName = Release;
		};
		BAEB8C5A1614437E0041035C /* Build configuration list for PBXNativeTarget "CRBoilerplate" */ = {
			isa = XCConfigurationList;
			buildConfigurations = (
				BAEB8C5B1614437E0041035C /* Debug */,
				BAEB8C5C1614437E0041035C /* Release */,
			);
			defaultConfigurationIsVisible = 0;
			defaultConfigurationName = Release;
		};
		BAEB8C5D1614437E0041035C /* Build configuration list for PBXNativeTarget "CRBoilerplateTests" */ = {
			isa = XCConfigurationList;
			buildConfigurations = (
				BAEB8C5E1614437E0041035C /* Debug */,
				BAEB8C5F1614437E0041035C /* Release */,
			);
			defaultConfigurationIsVisible = 0;
			defaultConfigurationName = Release;
		};
/* End XCConfigurationList section */
	};
	rootObject = BAEB8C2C1614437D0041035C /* Project object */;
}
